{
  "nodes": {
    "HROOT": {
      "inputs": {
        "fficxx": [
          "fficxx"
        ],
        "nixpkgs": [
          "nixpkgs"
        ]
      },
      "locked": {
        "lastModified": 1653404822,
        "narHash": "sha256-b/pQpsMc7mwnDq6Qj8W1+s6ytF97TkwpRfh/CcZQyIc=",
        "owner": "wavewave",
        "repo": "HROOT",
        "rev": "9260e86f1ffbb68c51e99d371ebb02fc1c5cdaa7",
        "type": "github"
      },
      "original": {
        "owner": "wavewave",
        "ref": "master",
        "repo": "HROOT",
        "type": "github"
      }
    },
    "fficxx": {
      "inputs": {
        "nixpkgs": [
          "nixpkgs"
        ]
      },
      "locked": {
        "lastModified": 1653402109,
        "narHash": "sha256-hZcDrRB4/sKhvc612oGMhDTxjLbTv57/ft7NXpOzoVw=",
        "owner": "wavewave",
        "repo": "fficxx",
        "rev": "5062119a2cf6b5a7afb75703f85396928c9a3042",
        "type": "github"
      },
      "original": {
        "owner": "wavewave",
        "ref": "master",
        "repo": "fficxx",
        "type": "github"
      }
    },
    "hgdal": {
      "inputs": {
        "fficxx": [
          "fficxx"
        ],
        "nixpkgs": [
          "nixpkgs"
        ]
      },
      "locked": {
        "lastModified": 1653406362,
        "narHash": "sha256-SaMfC1yafIpzfwOmShY5tw+lIl9OR6Q8txPp7Wy4ODE=",
        "owner": "wavewave",
        "repo": "hgdal",
        "rev": "37614c45f2d7e2a31e6e0f599d2d45649b0146b4",
        "type": "github"
      },
      "original": {
        "owner": "wavewave",
        "ref": "master",
        "repo": "hgdal",
        "type": "github"
      }
    },
    "hs-ogdf": {
      "inputs": {
        "fficxx": [
          "fficxx"
        ],
        "nixpkgs": [
          "nixpkgs"
        ]
      },
      "locked": {
        "lastModified": 1653406560,
        "narHash": "sha256-e4+r+cQkm5FcYngMgkwOH209Gk0ENxlmOxJBxBFgK4w=",
        "owner": "wavewave",
        "repo": "hs-ogdf",
        "rev": "a9ed74b8c71f62bb0be0799abc5e257f5e7acfe2",
        "type": "github"
      },
      "original": {
        "owner": "wavewave",
        "ref": "master",
        "repo": "hs-ogdf",
        "type": "github"
      }
    },
    "nixpkgs": {
      "locked": {
        "lastModified": 1620055814,
        "narHash": "sha256-8LEHoYSJiL901bTMVatq+rf8y7QtWuZhwwpKE2fyaRY=",
        "owner": "NixOS",
        "repo": "nixpkgs",
        "rev": "1db42b7fe3878f3f5f7a4f2dc210772fd080e205",
        "type": "github"
      },
      "original": {
        "owner": "NixOS",
        "ref": "nixos-20.03",
        "repo": "nixpkgs",
        "type": "github"
      }
    },
    "root": {
      "inputs": {
        "HROOT": "HROOT",
        "fficxx": "fficxx",
        "hgdal": "hgdal",
        "hs-ogdf": "hs-ogdf",
        "nixpkgs": "nixpkgs"
      }
    }
  },
  "root": "root",
  "version": 7
}
