{
  "nodes": {
    "HROOT": {
      "inputs": {
        "fficxx": [
          "fficxx"
        ],
        "flake-utils": "flake-utils",
        "nixpkgs": [
          "nixpkgs"
        ]
      },
      "locked": {
        "lastModified": 1666336494,
        "narHash": "sha256-jPlrwU4DGLIzjJ49SsPuLMdLqwakPsjf1znR9UPS8qk=",
        "owner": "wavewave",
        "repo": "HROOT",
        "rev": "13ed9c682016dee8c11abf464917e07a2e284639",
        "type": "github"
      },
      "original": {
        "owner": "wavewave",
        "ref": "master",
        "repo": "HROOT",
        "type": "github"
      }
    },
    "fficxx": {
      "inputs": {
        "flake-utils": "flake-utils_2",
        "nixpkgs": [
          "nixpkgs"
        ]
      },
      "locked": {
        "lastModified": 1666313526,
        "narHash": "sha256-Hcf//9Igz5+ZLSmItRgCW0ZumyOqlLFNa4rdeSULA9E=",
        "owner": "wavewave",
        "repo": "fficxx",
        "rev": "9181428a7a7df9385bcefba51e6307a06d4c0614",
        "type": "github"
      },
      "original": {
        "owner": "wavewave",
        "ref": "master",
        "repo": "fficxx",
        "type": "github"
      }
    },
    "flake-utils": {
      "locked": {
        "lastModified": 1659877975,
        "narHash": "sha256-zllb8aq3YO3h8B/U0/J1WBgAL8EX5yWf5pMj3G0NAmc=",
        "owner": "numtide",
        "repo": "flake-utils",
        "rev": "c0e246b9b83f637f4681389ecabcb2681b4f3af0",
        "type": "github"
      },
      "original": {
        "owner": "numtide",
        "repo": "flake-utils",
        "type": "github"
      }
    },
    "flake-utils_2": {
      "locked": {
        "lastModified": 1656928814,
        "narHash": "sha256-RIFfgBuKz6Hp89yRr7+NR5tzIAbn52h8vT6vXkYjZoM=",
        "owner": "numtide",
        "repo": "flake-utils",
        "rev": "7e2a3b3dfd9af950a856d66b0a7d01e3c18aa249",
        "type": "github"
      },
      "original": {
        "owner": "numtide",
        "repo": "flake-utils",
        "type": "github"
      }
    },
    "flake-utils_3": {
      "locked": {
        "lastModified": 1659877975,
        "narHash": "sha256-zllb8aq3YO3h8B/U0/J1WBgAL8EX5yWf5pMj3G0NAmc=",
        "owner": "numtide",
        "repo": "flake-utils",
        "rev": "c0e246b9b83f637f4681389ecabcb2681b4f3af0",
        "type": "github"
      },
      "original": {
        "owner": "numtide",
        "repo": "flake-utils",
        "type": "github"
      }
    },
    "flake-utils_4": {
      "locked": {
        "lastModified": 1659877975,
        "narHash": "sha256-zllb8aq3YO3h8B/U0/J1WBgAL8EX5yWf5pMj3G0NAmc=",
        "owner": "numtide",
        "repo": "flake-utils",
        "rev": "c0e246b9b83f637f4681389ecabcb2681b4f3af0",
        "type": "github"
      },
      "original": {
        "owner": "numtide",
        "repo": "flake-utils",
        "type": "github"
      }
    },
    "flake-utils_5": {
      "locked": {
        "lastModified": 1656928814,
        "narHash": "sha256-RIFfgBuKz6Hp89yRr7+NR5tzIAbn52h8vT6vXkYjZoM=",
        "owner": "numtide",
        "repo": "flake-utils",
        "rev": "7e2a3b3dfd9af950a856d66b0a7d01e3c18aa249",
        "type": "github"
      },
      "original": {
        "owner": "numtide",
        "repo": "flake-utils",
        "type": "github"
      }
    },
    "hgdal": {
      "inputs": {
        "fficxx": [
          "fficxx"
        ],
        "flake-utils": "flake-utils_4",
        "nixpkgs": [
          "nixpkgs"
        ]
      },
      "locked": {
        "lastModified": 1666337688,
        "narHash": "sha256-Soik9qdqFP8g9n2NCBXNUGNuoYnN/qHeu/0i00BJvfo=",
        "owner": "wavewave",
        "repo": "hgdal",
        "rev": "b1a6bb49d89c05088da2a641f5303efa25acf3bc",
        "type": "github"
      },
      "original": {
        "owner": "wavewave",
        "ref": "master",
        "repo": "hgdal",
        "type": "github"
      }
    },
    "hs-ogdf": {
      "inputs": {
        "fficxx": [
          "fficxx"
        ],
        "flake-utils": "flake-utils_5",
        "nixpkgs": [
          "nixpkgs"
        ]
      },
      "locked": {
        "lastModified": 1661452672,
        "narHash": "sha256-R38pmA2GStr+aSJLWFKjkz9YjzRgha+Ubbwubp9VdiQ=",
        "owner": "wavewave",
        "repo": "hs-ogdf",
        "rev": "41343170b3a393ed5bd6034dd5af0b5f2051ceba",
        "type": "github"
      },
      "original": {
        "owner": "wavewave",
        "ref": "master",
        "repo": "hs-ogdf",
        "type": "github"
      }
    },
    "nixpkgs": {
      "locked": {
        "lastModified": 1666249138,
        "narHash": "sha256-CzK8NA8xEMKAhvHXB8UMODckcH97sZXm6lziKNWLv0M=",
        "owner": "NixOS",
        "repo": "nixpkgs",
        "rev": "44fc3cb097324c9f9f93313dd3f103e78d722968",
        "type": "github"
      },
      "original": {
        "owner": "NixOS",
        "ref": "nixos-22.05",
        "repo": "nixpkgs",
        "type": "github"
      }
    },
    "root": {
      "inputs": {
        "HROOT": "HROOT",
        "fficxx": "fficxx",
        "flake-utils": "flake-utils_3",
        "hgdal": "hgdal",
        "hs-ogdf": "hs-ogdf",
        "nixpkgs": "nixpkgs"
      }
    }
  },
  "root": "root",
  "version": 7
}
