{
  "nodes": {
    "HROOT": {
      "inputs": {
        "fficxx": [
          "fficxx"
        ],
        "nixpkgs": [
          "nixpkgs"
        ]
      },
      "locked": {
        "lastModified": 1651778632,
        "narHash": "sha256-9LGVxhlNqM7JywXyU8Tu+X5wzFd0Yd1X3vuPx1sVNEE=",
        "owner": "wavewave",
        "repo": "HROOT",
        "rev": "407f1c1a3927b60205d68e8478b6e70bfb4f02f6",
        "type": "github"
      },
      "original": {
        "owner": "wavewave",
        "ref": "master",
        "repo": "HROOT",
        "type": "github"
      }
    },
    "fficxx": {
      "inputs": {
        "nixpkgs": [
          "nixpkgs"
        ]
      },
      "locked": {
        "lastModified": 1651690367,
        "narHash": "sha256-BdNHDse/RnTU6zLsNVrrqGvOX9ZN/X+vn+SKv6Xq1fQ=",
        "owner": "wavewave",
        "repo": "fficxx",
        "rev": "388966e43f10a1f7370f61d1ab12a818804adede",
        "type": "github"
      },
      "original": {
        "owner": "wavewave",
        "ref": "0.6",
        "repo": "fficxx",
        "type": "github"
      }
    },
    "hgdal": {
      "inputs": {
        "fficxx": [
          "fficxx"
        ],
        "nixpkgs": [
          "nixpkgs"
        ]
      },
      "locked": {
        "lastModified": 1651778949,
        "narHash": "sha256-Y+ei8EufXXrlxGYOQ7in0PsS0G4EKZq6+mZXNbWQvPQ=",
        "owner": "wavewave",
        "repo": "hgdal",
        "rev": "ee8487bce6f7e58290f65baaf3b3ca020ed2a07e",
        "type": "github"
      },
      "original": {
        "owner": "wavewave",
        "ref": "master",
        "repo": "hgdal",
        "type": "github"
      }
    },
    "hs-ogdf": {
      "inputs": {
        "fficxx": [
          "fficxx"
        ],
        "nixpkgs": [
          "nixpkgs"
        ]
      },
      "locked": {
        "lastModified": 1651779151,
        "narHash": "sha256-9Jh7wponRdgUY/+Q5ePSBtRR5gebqv5fWST/pys5wwc=",
        "owner": "wavewave",
        "repo": "hs-ogdf",
        "rev": "177b65f73a6c607b5cd083a0806d9341842fa8b0",
        "type": "github"
      },
      "original": {
        "owner": "wavewave",
        "ref": "master",
        "repo": "hs-ogdf",
        "type": "github"
      }
    },
    "nixpkgs": {
      "locked": {
        "lastModified": 1620055814,
        "narHash": "sha256-8LEHoYSJiL901bTMVatq+rf8y7QtWuZhwwpKE2fyaRY=",
        "owner": "NixOS",
        "repo": "nixpkgs",
        "rev": "1db42b7fe3878f3f5f7a4f2dc210772fd080e205",
        "type": "github"
      },
      "original": {
        "owner": "NixOS",
        "ref": "nixos-20.03",
        "repo": "nixpkgs",
        "type": "github"
      }
    },
    "root": {
      "inputs": {
        "HROOT": "HROOT",
        "fficxx": "fficxx",
        "hgdal": "hgdal",
        "hs-ogdf": "hs-ogdf",
        "nixpkgs": "nixpkgs"
      }
    }
  },
  "root": "root",
  "version": 7
}
