{
  "nodes": {
    "HROOT": {
      "inputs": {
        "fficxx": [
          "fficxx-projects",
          "fficxx"
        ],
        "nixpkgs": [
          "fficxx-projects",
          "nixpkgs"
        ]
      },
      "locked": {
        "lastModified": 1651773307,
        "narHash": "sha256-gur1RiJXNtEB5qOdmMlS2TJnqpG4fLUaI6uRUBV8Pqg=",
        "owner": "wavewave",
        "repo": "HROOT",
        "rev": "75c19dca6ab50ab54cbad9d50cc2401ef2b778c0",
        "type": "github"
      },
      "original": {
        "owner": "wavewave",
        "ref": "master",
        "repo": "HROOT",
        "type": "github"
      }
    },
    "fficxx": {
      "inputs": {
        "nixpkgs": "nixpkgs"
      },
      "locked": {
        "lastModified": 1651690427,
        "narHash": "sha256-ymqF2zvxNarbRmTFdXVkuYcviOSaD2Fs11wwjnrmdBM=",
        "type": "git",
        "url": "file:///home/wavewave/repo/src/fficxx"
      },
      "original": {
        "type": "git",
        "url": "file:///home/wavewave/repo/src/fficxx"
      }
    },
    "fficxx-projects": {
      "inputs": {
        "HROOT": "HROOT",
        "fficxx": "fficxx_2",
        "hgdal": "hgdal",
        "hs-ogdf": "hs-ogdf",
        "nixpkgs": "nixpkgs_2"
      },
      "locked": {
        "lastModified": 1651777230,
        "narHash": "sha256-X4oBzejFtelCdRn6W+McFhWkUEr1bfd4DbAZX+SncEU=",
        "owner": "wavewave",
        "repo": "fficxx-projects",
        "rev": "456334f1032f4b223620281491df493a7a859435",
        "type": "github"
      },
      "original": {
        "owner": "wavewave",
        "ref": "master",
        "repo": "fficxx-projects",
        "type": "github"
      }
    },
    "fficxx_2": {
      "inputs": {
        "nixpkgs": [
          "fficxx-projects",
          "nixpkgs"
        ]
      },
      "locked": {
        "lastModified": 1651690367,
        "narHash": "sha256-BdNHDse/RnTU6zLsNVrrqGvOX9ZN/X+vn+SKv6Xq1fQ=",
        "owner": "wavewave",
        "repo": "fficxx",
        "rev": "388966e43f10a1f7370f61d1ab12a818804adede",
        "type": "github"
      },
      "original": {
        "owner": "wavewave",
        "ref": "0.6",
        "repo": "fficxx",
        "type": "github"
      }
    },
    "fficxx_3": {
      "inputs": {
        "nixpkgs": [
          "hs-ogdf",
          "nixpkgs"
        ]
      },
      "locked": {
        "lastModified": 1651690367,
        "narHash": "sha256-BdNHDse/RnTU6zLsNVrrqGvOX9ZN/X+vn+SKv6Xq1fQ=",
        "owner": "wavewave",
        "repo": "fficxx",
        "rev": "388966e43f10a1f7370f61d1ab12a818804adede",
        "type": "github"
      },
      "original": {
        "owner": "wavewave",
        "ref": "0.6",
        "repo": "fficxx",
        "type": "github"
      }
    },
    "hgdal": {
      "inputs": {
        "fficxx": [
          "fficxx-projects",
          "fficxx"
        ],
        "nixpkgs": [
          "fficxx-projects",
          "nixpkgs"
        ]
      },
      "locked": {
        "lastModified": 1651775186,
        "narHash": "sha256-IX4F95zH4mM0BvQJTGElBK7yPiiYE7I6Uj6FUqMp+FQ=",
        "owner": "wavewave",
        "repo": "hgdal",
        "rev": "f3daa7b1086016007820c19ee00abc24f67e9ab1",
        "type": "github"
      },
      "original": {
        "owner": "wavewave",
        "ref": "master",
        "repo": "hgdal",
        "type": "github"
      }
    },
    "hs-ogdf": {
      "inputs": {
        "fficxx": [
          "fficxx-projects",
          "fficxx"
        ],
        "nixpkgs": [
          "fficxx-projects",
          "nixpkgs"
        ]
      },
      "locked": {
        "lastModified": 1651776251,
        "narHash": "sha256-/KNckezO9ywfaslNl8YxkqN2fbkZ82fIHM3ujG7Pp6A=",
        "owner": "wavewave",
        "repo": "hs-ogdf",
        "rev": "48097fe52f22762b714fb82612fae605fb0f287d",
        "type": "github"
      },
      "original": {
        "owner": "wavewave",
        "ref": "master",
        "repo": "hs-ogdf",
        "type": "github"
      }
    },
    "hs-ogdf_2": {
      "inputs": {
        "fficxx": "fficxx_3",
        "nixpkgs": "nixpkgs_3"
      },
      "locked": {
        "lastModified": 1651779151,
        "narHash": "sha256-9Jh7wponRdgUY/+Q5ePSBtRR5gebqv5fWST/pys5wwc=",
        "owner": "wavewave",
        "repo": "hs-ogdf",
        "rev": "177b65f73a6c607b5cd083a0806d9341842fa8b0",
        "type": "github"
      },
      "original": {
        "owner": "wavewave",
        "ref": "master",
        "repo": "hs-ogdf",
        "type": "github"
      }
    },
    "nixpkgs": {
      "locked": {
        "lastModified": 1620055814,
        "narHash": "sha256-8LEHoYSJiL901bTMVatq+rf8y7QtWuZhwwpKE2fyaRY=",
        "owner": "NixOS",
        "repo": "nixpkgs",
        "rev": "1db42b7fe3878f3f5f7a4f2dc210772fd080e205",
        "type": "github"
      },
      "original": {
        "owner": "NixOS",
        "ref": "nixos-20.03",
        "repo": "nixpkgs",
        "type": "github"
      }
    },
    "nixpkgs_2": {
      "locked": {
        "lastModified": 1620055814,
        "narHash": "sha256-8LEHoYSJiL901bTMVatq+rf8y7QtWuZhwwpKE2fyaRY=",
        "owner": "NixOS",
        "repo": "nixpkgs",
        "rev": "1db42b7fe3878f3f5f7a4f2dc210772fd080e205",
        "type": "github"
      },
      "original": {
        "owner": "NixOS",
        "ref": "nixos-20.03",
        "repo": "nixpkgs",
        "type": "github"
      }
    },
    "nixpkgs_3": {
      "locked": {
        "lastModified": 1620055814,
        "narHash": "sha256-8LEHoYSJiL901bTMVatq+rf8y7QtWuZhwwpKE2fyaRY=",
        "owner": "NixOS",
        "repo": "nixpkgs",
        "rev": "1db42b7fe3878f3f5f7a4f2dc210772fd080e205",
        "type": "github"
      },
      "original": {
        "owner": "NixOS",
        "ref": "nixos-20.03",
        "repo": "nixpkgs",
        "type": "github"
      }
    },
    "root": {
      "inputs": {
        "fficxx": "fficxx",
        "fficxx-projects": "fficxx-projects",
        "hs-ogdf": "hs-ogdf_2"
      }
    }
  },
  "root": "root",
  "version": 7
}
